
Microsoft Visual Studio Solution File, Format Version 12.00
# Visual Studio Version 17
VisualStudioVersion = 17.1.32407.343
MinimumVisualStudioVersion = 10.0.40219.1
Project("{FAE04EC0-301F-11D3-BF4B-00C04F79EFBC}") = "Libanon", "Libanon\Libanon.csproj", "{55F01B45-D1E0-4A9C-826F-33095E1B1319}"
EndProject
Global
	GlobalSection(SolutionConfigurationPlatforms) = preSolution
		Debug|Any CPU = Debug|Any CPU
		Release|Any CPU = Release|Any CPU
	EndGlobalSection
	GlobalSection(ProjectConfigurationPlatforms) = postSolution
		{55F01B45-D1E0-4A9C-826F-33095E1B1319}.Debug|Any CPU.ActiveCfg = Debug|Any CPU
		{55F01B45-D1E0-4A9C-826F-33095E1B1319}.Debug|Any CPU.Build.0 = Debug|Any CPU
		{55F01B45-D1E0-4A9C-826F-33095E1B1319}.Release|Any CPU.ActiveCfg = Release|Any CPU
		{55F01B45-D1E0-4A9C-826F-33095E1B1319}.Release|Any CPU.Build.0 = Release|Any CPU
	EndGlobalSection
	GlobalSection(SolutionProperties) = preSolution
		HideSolutionNode = FALSE
	EndGlobalSection
	GlobalSection(ExtensibilityGlobals) = postSolution
		SolutionGuid = {9BA500D9-0049-4412-9633-17EC1009E7DC}
	EndGlobalSection
EndGlobal
